
Microsoft Visual Studio Solution File, Format Version 12.00
# Visual Studio Version 16
VisualStudioVersion = 16.0.30621.155
MinimumVisualStudioVersion = 10.0.40219.1
Project("{FAE04EC0-301F-11D3-BF4B-00C04F79EFBC}") = "hw11", "hw11.csproj", "{3C508913-215D-4F0D-A22C-1A76C9E7A879}"
EndProject
Global
	GlobalSection(SolutionConfigurationPlatforms) = preSolution
		Debug|Any CPU = Debug|Any CPU
		Release|Any CPU = Release|Any CPU
	EndGlobalSection
	GlobalSection(ProjectConfigurationPlatforms) = postSolution
		{3C508913-215D-4F0D-A22C-1A76C9E7A879}.Debug|Any CPU.ActiveCfg = Debug|Any CPU
		{3C508913-215D-4F0D-A22C-1A76C9E7A879}.Debug|Any CPU.Build.0 = Debug|Any CPU
		{3C508913-215D-4F0D-A22C-1A76C9E7A879}.Release|Any CPU.ActiveCfg = Release|Any CPU
		{3C508913-215D-4F0D-A22C-1A76C9E7A879}.Release|Any CPU.Build.0 = Release|Any CPU
	EndGlobalSection
	GlobalSection(SolutionProperties) = preSolution
		HideSolutionNode = FALSE
	EndGlobalSection
	GlobalSection(ExtensibilityGlobals) = postSolution
		SolutionGuid = {4FA6146B-4272-4361-A86D-CD3E86E82C30}
	EndGlobalSection
EndGlobal
